{
  "name": "e17-3yp-Smart-Pet-Feeder",
  "version": "1.0.0",
  "lockfileVersion": 1,
  "requires": true,
  "dependencies": {
    "react-icofont": {
      "version": "1.0.19",
      "resolved": "https://registry.npmjs.org/react-icofont/-/react-icofont-1.0.19.tgz",
      "integrity": "sha512-vuTiPDJ5nKJsiWcMk6GO6VyYMKR9E+T0V8a1J6ncU+iPxy9ht+nXiP6JbmPy155oazbGR/VmqzBDwKpRJP4oIQ=="
    }
  }
}
